
Microsoft Visual Studio Solution File, Format Version 12.00
# Visual Studio Version 17
VisualStudioVersion = 17.14.36915.13
MinimumVisualStudioVersion = 10.0.40219.1
Project("{2150E333-8FDC-42A3-9474-1A3956D46DE8}") = "src", "src", "{02EA681E-C7D8-13C7-8484-4AC65E1B71E8}"
EndProject
Project("{FAE04EC0-301F-11D3-BF4B-00C04F79EFBC}") = "CarRentalApp.Domain", "CarRentalApp.Domain\CarRentalApp.Domain.csproj", "{FF4AD286-2251-4984-B105-2B968CAB988D}"
EndProject
Project("{FAE04EC0-301F-11D3-BF4B-00C04F79EFBC}") = "CarRentalApp.Application", "CarRentalApp.Application\CarRentalApp.Application.csproj", "{6D910EF0-577E-4DDE-9B63-3BF75D86BC0C}"
EndProject
Project("{FAE04EC0-301F-11D3-BF4B-00C04F79EFBC}") = "CarRentalApp.Infrastructure", "CarRentalApp.Infrastructure\CarRentalApp.Infrastructure.csproj", "{D6141100-0C8E-4A6D-8540-AE17EA068591}"
EndProject
Project("{FAE04EC0-301F-11D3-BF4B-00C04F79EFBC}") = "CarRentalApp.WebUI.Server", "CarRentalApp.WebUI.Server\CarRentalApp.WebUI.Server.csproj", "{94D8692B-2205-47B7-80E3-A60AFE74E152}"
EndProject
Global
	GlobalSection(SolutionConfigurationPlatforms) = preSolution
		Debug|Any CPU = Debug|Any CPU
		Release|Any CPU = Release|Any CPU
	EndGlobalSection
	GlobalSection(ProjectConfigurationPlatforms) = postSolution
		{FF4AD286-2251-4984-B105-2B968CAB988D}.Debug|Any CPU.ActiveCfg = Debug|Any CPU
		{FF4AD286-2251-4984-B105-2B968CAB988D}.Debug|Any CPU.Build.0 = Debug|Any CPU
		{FF4AD286-2251-4984-B105-2B968CAB988D}.Release|Any CPU.ActiveCfg = Release|Any CPU
		{FF4AD286-2251-4984-B105-2B968CAB988D}.Release|Any CPU.Build.0 = Release|Any CPU
		{6D910EF0-577E-4DDE-9B63-3BF75D86BC0C}.Debug|Any CPU.ActiveCfg = Debug|Any CPU
		{6D910EF0-577E-4DDE-9B63-3BF75D86BC0C}.Debug|Any CPU.Build.0 = Debug|Any CPU
		{6D910EF0-577E-4DDE-9B63-3BF75D86BC0C}.Release|Any CPU.ActiveCfg = Release|Any CPU
		{6D910EF0-577E-4DDE-9B63-3BF75D86BC0C}.Release|Any CPU.Build.0 = Release|Any CPU
		{D6141100-0C8E-4A6D-8540-AE17EA068591}.Debug|Any CPU.ActiveCfg = Debug|Any CPU
		{D6141100-0C8E-4A6D-8540-AE17EA068591}.Debug|Any CPU.Build.0 = Debug|Any CPU
		{D6141100-0C8E-4A6D-8540-AE17EA068591}.Release|Any CPU.ActiveCfg = Release|Any CPU
		{D6141100-0C8E-4A6D-8540-AE17EA068591}.Release|Any CPU.Build.0 = Release|Any CPU
		{94D8692B-2205-47B7-80E3-A60AFE74E152}.Debug|Any CPU.ActiveCfg = Debug|Any CPU
		{94D8692B-2205-47B7-80E3-A60AFE74E152}.Debug|Any CPU.Build.0 = Debug|Any CPU
		{94D8692B-2205-47B7-80E3-A60AFE74E152}.Release|Any CPU.ActiveCfg = Release|Any CPU
		{94D8692B-2205-47B7-80E3-A60AFE74E152}.Release|Any CPU.Build.0 = Release|Any CPU
	EndGlobalSection
	GlobalSection(SolutionProperties) = preSolution
		HideSolutionNode = FALSE
	EndGlobalSection
	GlobalSection(NestedProjects) = preSolution
		{FF4AD286-2251-4984-B105-2B968CAB988D} = {02EA681E-C7D8-13C7-8484-4AC65E1B71E8}
		{6D910EF0-577E-4DDE-9B63-3BF75D86BC0C} = {02EA681E-C7D8-13C7-8484-4AC65E1B71E8}
		{D6141100-0C8E-4A6D-8540-AE17EA068591} = {02EA681E-C7D8-13C7-8484-4AC65E1B71E8}
		{94D8692B-2205-47B7-80E3-A60AFE74E152} = {02EA681E-C7D8-13C7-8484-4AC65E1B71E8}
	EndGlobalSection
	GlobalSection(ExtensibilityGlobals) = postSolution
		SolutionGuid = {9CDD15EC-0831-41EF-A84E-EEB2CBAF0364}
	EndGlobalSection
EndGlobal
